
Microsoft Visual Studio Solution File, Format Version 12.00
# Visual Studio Version 17
VisualStudioVersion = 17.9.34728.123
MinimumVisualStudioVersion = 10.0.40219.1
Project("{FAE04EC0-301F-11D3-BF4B-00C04F79EFBC}") = "SonProje_cCc", "SonProje\SonProje_cCc.csproj", "{80242E5D-2C16-4C79-A31C-DA491970869F}"
EndProject
Global
	GlobalSection(SolutionConfigurationPlatforms) = preSolution
		Debug|Any CPU = Debug|Any CPU
		Release|Any CPU = Release|Any CPU
	EndGlobalSection
	GlobalSection(ProjectConfigurationPlatforms) = postSolution
		{80242E5D-2C16-4C79-A31C-DA491970869F}.Debug|Any CPU.ActiveCfg = Debug|Any CPU
		{80242E5D-2C16-4C79-A31C-DA491970869F}.Debug|Any CPU.Build.0 = Debug|Any CPU
		{80242E5D-2C16-4C79-A31C-DA491970869F}.Release|Any CPU.ActiveCfg = Release|Any CPU
		{80242E5D-2C16-4C79-A31C-DA491970869F}.Release|Any CPU.Build.0 = Release|Any CPU
	EndGlobalSection
	GlobalSection(SolutionProperties) = preSolution
		HideSolutionNode = FALSE
	EndGlobalSection
	GlobalSection(ExtensibilityGlobals) = postSolution
		SolutionGuid = {066B98C0-BBE7-4EDD-BB5C-314578F26A93}
	EndGlobalSection
EndGlobal
